
Microsoft Visual Studio Solution File, Format Version 12.00
# Visual Studio Version 16
VisualStudioVersion = 16.0.29709.97
MinimumVisualStudioVersion = 10.0.40219.1
Project("{FAE04EC0-301F-11D3-BF4B-00C04F79EFBC}") = "BugTrackerUI", "BugTrackerUI\BugTrackerUI.csproj", "{F343D364-1E62-4F22-BF9B-59ABAD978DA4}"
EndProject
Project("{FAE04EC0-301F-11D3-BF4B-00C04F79EFBC}") = "BugTrackerLibrary", "BugTrackerLibrary\BugTrackerLibrary.csproj", "{06DDB205-FE3D-4239-9920-59A7BB9BC73E}"
EndProject
Global
	GlobalSection(SolutionConfigurationPlatforms) = preSolution
		Debug|Any CPU = Debug|Any CPU
		Release|Any CPU = Release|Any CPU
	EndGlobalSection
	GlobalSection(ProjectConfigurationPlatforms) = postSolution
		{F343D364-1E62-4F22-BF9B-59ABAD978DA4}.Debug|Any CPU.ActiveCfg = Debug|Any CPU
		{F343D364-1E62-4F22-BF9B-59ABAD978DA4}.Debug|Any CPU.Build.0 = Debug|Any CPU
		{F343D364-1E62-4F22-BF9B-59ABAD978DA4}.Release|Any CPU.ActiveCfg = Release|Any CPU
		{F343D364-1E62-4F22-BF9B-59ABAD978DA4}.Release|Any CPU.Build.0 = Release|Any CPU
		{06DDB205-FE3D-4239-9920-59A7BB9BC73E}.Debug|Any CPU.ActiveCfg = Debug|Any CPU
		{06DDB205-FE3D-4239-9920-59A7BB9BC73E}.Debug|Any CPU.Build.0 = Debug|Any CPU
		{06DDB205-FE3D-4239-9920-59A7BB9BC73E}.Release|Any CPU.ActiveCfg = Release|Any CPU
		{06DDB205-FE3D-4239-9920-59A7BB9BC73E}.Release|Any CPU.Build.0 = Release|Any CPU
	EndGlobalSection
	GlobalSection(SolutionProperties) = preSolution
		HideSolutionNode = FALSE
	EndGlobalSection
	GlobalSection(ExtensibilityGlobals) = postSolution
		SolutionGuid = {6BAE2FCA-4684-4F83-B00F-77B63974F184}
	EndGlobalSection
EndGlobal
